{
  "lockfile-version": 1,
  "manifest": {
    "version": 1,
    "install": {
      "fpm": {
        "pkg-path": "fpm"
      },
      "nodejs": {
        "pkg-path": "nodejs",
        "version": "18.18.2"
      }
    },
    "hook": {},
    "profile": {},
    "options": {
      "systems": [
        "aarch64-darwin",
        "aarch64-linux",
        "x86_64-darwin",
        "x86_64-linux"
      ],
      "allow": {
        "licenses": []
      },
      "semver": {}
    }
  },
  "packages": [
    {
      "attr_path": "fpm",
      "broken": false,
      "derivation": "/nix/store/kypfrkkjcp679iqgbrzgcqr8g9lv4dwq-fpm-1.13.0.drv",
      "description": "Tool to build packages for multiple platforms with ease",
      "install_id": "fpm",
      "license": "MIT",
      "locked_url": "https://github.com/flox/nixpkgs?rev=91050ea1e57e50388fa87a3302ba12d188ef723a",
      "name": "fpm-1.13.0",
      "pname": "fpm",
      "rev": "91050ea1e57e50388fa87a3302ba12d188ef723a",
      "rev_count": 555097,
      "rev_date": "2023-12-01T13:12:07Z",
      "scrape_date": "2024-08-15T23:08:02Z",
      "stabilities": [
        "staging",
        "unstable"
      ],
      "unfree": false,
      "version": "1.13.0",
      "outputs_to_install": [
        "out"
      ],
      "outputs": {
        "out": "/nix/store/in817fax1pjq7xbnk5hpfl2pjd7pra4g-fpm-1.13.0"
      },
      "system": "aarch64-darwin",
      "group": "toplevel",
      "priority": 5
    },
    {
      "attr_path": "fpm",
      "broken": false,
      "derivation": "/nix/store/xr2skqncjj9in4q3d3qx19lwvx41i7kl-fpm-1.13.0.drv",
      "description": "Tool to build packages for multiple platforms with ease",
      "install_id": "fpm",
      "license": "MIT",
      "locked_url": "https://github.com/flox/nixpkgs?rev=91050ea1e57e50388fa87a3302ba12d188ef723a",
      "name": "fpm-1.13.0",
      "pname": "fpm",
      "rev": "91050ea1e57e50388fa87a3302ba12d188ef723a",
      "rev_count": 555097,
      "rev_date": "2023-12-01T13:12:07Z",
      "scrape_date": "2024-08-15T23:08:02Z",
      "stabilities": [
        "staging",
        "unstable"
      ],
      "unfree": false,
      "version": "1.13.0",
      "outputs_to_install": [
        "out"
      ],
      "outputs": {
        "out": "/nix/store/0s9arj06kf9c7p2y0lxdvvx388mvwnam-fpm-1.13.0"
      },
      "system": "aarch64-linux",
      "group": "toplevel",
      "priority": 5
    },
    {
      "attr_path": "fpm",
      "broken": false,
      "derivation": "/nix/store/04f1mvzv30fjkng2dbjrd1bis4clxdp7-fpm-1.13.0.drv",
      "description": "Tool to build packages for multiple platforms with ease",
      "install_id": "fpm",
      "license": "MIT",
      "locked_url": "https://github.com/flox/nixpkgs?rev=91050ea1e57e50388fa87a3302ba12d188ef723a",
      "name": "fpm-1.13.0",
      "pname": "fpm",
      "rev": "91050ea1e57e50388fa87a3302ba12d188ef723a",
      "rev_count": 555097,
      "rev_date": "2023-12-01T13:12:07Z",
      "scrape_date": "2024-08-15T23:08:02Z",
      "stabilities": [
        "staging",
        "unstable"
      ],
      "unfree": false,
      "version": "1.13.0",
      "outputs_to_install": [
        "out"
      ],
      "outputs": {
        "out": "/nix/store/95kdsh4m1isyk4ammz0954xh339gq7yx-fpm-1.13.0"
      },
      "system": "x86_64-darwin",
      "group": "toplevel",
      "priority": 5
    },
    {
      "attr_path": "fpm",
      "broken": false,
      "derivation": "/nix/store/k2gmig1pipf6309711snnfl2q6733i60-fpm-1.13.0.drv",
      "description": "Tool to build packages for multiple platforms with ease",
      "install_id": "fpm",
      "license": "MIT",
      "locked_url": "https://github.com/flox/nixpkgs?rev=91050ea1e57e50388fa87a3302ba12d188ef723a",
      "name": "fpm-1.13.0",
      "pname": "fpm",
      "rev": "91050ea1e57e50388fa87a3302ba12d188ef723a",
      "rev_count": 555097,
      "rev_date": "2023-12-01T13:12:07Z",
      "scrape_date": "2024-08-15T23:08:02Z",
      "stabilities": [
        "staging",
        "unstable"
      ],
      "unfree": false,
      "version": "1.13.0",
      "outputs_to_install": [
        "out"
      ],
      "outputs": {
        "out": "/nix/store/c5jz9xj4admhpsyfinrxphc5vspik3pm-fpm-1.13.0"
      },
      "system": "x86_64-linux",
      "group": "toplevel",
      "priority": 5
    },
    {
      "attr_path": "nodejs",
      "broken": false,
      "derivation": "/nix/store/b2sh3fx6g40fs75g9di9vz4m0dpdvj4h-nodejs-18.18.2.drv",
      "description": "Event-driven I/O framework for the V8 JavaScript engine",
      "install_id": "nodejs",
      "license": "MIT",
      "locked_url": "https://github.com/flox/nixpkgs?rev=91050ea1e57e50388fa87a3302ba12d188ef723a",
      "name": "nodejs-18.18.2",
      "pname": "nodejs",
      "rev": "91050ea1e57e50388fa87a3302ba12d188ef723a",
      "rev_count": 555097,
      "rev_date": "2023-12-01T13:12:07Z",
      "scrape_date": "2024-08-15T23:08:02Z",
      "stabilities": [
        "staging",
        "unstable"
      ],
      "unfree": false,
      "version": "18.18.2",
      "outputs_to_install": [
        "out"
      ],
      "outputs": {
        "libv8": "/nix/store/dv3m2x2pndwx0biwl36swkwcsmwwv8zv-nodejs-18.18.2-libv8",
        "out": "/nix/store/2gs1bzkbap7r4nr7vvyi575mdrj26nby-nodejs-18.18.2"
      },
      "system": "aarch64-darwin",
      "group": "toplevel",
      "priority": 5
    },
    {
      "attr_path": "nodejs",
      "broken": false,
      "derivation": "/nix/store/lv80xzb79xnfm3mg863cvfcd0jyn7c4w-nodejs-18.18.2.drv",
      "description": "Event-driven I/O framework for the V8 JavaScript engine",
      "install_id": "nodejs",
      "license": "MIT",
      "locked_url": "https://github.com/flox/nixpkgs?rev=91050ea1e57e50388fa87a3302ba12d188ef723a",
      "name": "nodejs-18.18.2",
      "pname": "nodejs",
      "rev": "91050ea1e57e50388fa87a3302ba12d188ef723a",
      "rev_count": 555097,
      "rev_date": "2023-12-01T13:12:07Z",
      "scrape_date": "2024-08-15T23:08:02Z",
      "stabilities": [
        "staging",
        "unstable"
      ],
      "unfree": false,
      "version": "18.18.2",
      "outputs_to_install": [
        "out"
      ],
      "outputs": {
        "libv8": "/nix/store/w6w2ghy0blslamavqc59c8w1b591iyzb-nodejs-18.18.2-libv8",
        "out": "/nix/store/f8qcasnw2s9yag4xk3lzg4m3ffkqdg2z-nodejs-18.18.2"
      },
      "system": "aarch64-linux",
      "group": "toplevel",
      "priority": 5
    },
    {
      "attr_path": "nodejs",
      "broken": false,
      "derivation": "/nix/store/qpp742m8a8jis47glkq2i07l5wx07sf9-nodejs-18.18.2.drv",
      "description": "Event-driven I/O framework for the V8 JavaScript engine",
      "install_id": "nodejs",
      "license": "MIT",
      "locked_url": "https://github.com/flox/nixpkgs?rev=91050ea1e57e50388fa87a3302ba12d188ef723a",
      "name": "nodejs-18.18.2",
      "pname": "nodejs",
      "rev": "91050ea1e57e50388fa87a3302ba12d188ef723a",
      "rev_count": 555097,
      "rev_date": "2023-12-01T13:12:07Z",
      "scrape_date": "2024-08-15T23:08:02Z",
      "stabilities": [
        "staging",
        "unstable"
      ],
      "unfree": false,
      "version": "18.18.2",
      "outputs_to_install": [
        "out"
      ],
      "outputs": {
        "libv8": "/nix/store/9k10mzcz8z9m3amdilzqipbv777ys0p8-nodejs-18.18.2-libv8",
        "out": "/nix/store/3h1c5f3lc5dbbymjv68d3sp66hkyrg4j-nodejs-18.18.2"
      },
      "system": "x86_64-darwin",
      "group": "toplevel",
      "priority": 5
    },
    {
      "attr_path": "nodejs",
      "broken": false,
      "derivation": "/nix/store/n4k6jdxal9annipfx09h578n64xavkzy-nodejs-18.18.2.drv",
      "description": "Event-driven I/O framework for the V8 JavaScript engine",
      "install_id": "nodejs",
      "license": "MIT",
      "locked_url": "https://github.com/flox/nixpkgs?rev=91050ea1e57e50388fa87a3302ba12d188ef723a",
      "name": "nodejs-18.18.2",
      "pname": "nodejs",
      "rev": "91050ea1e57e50388fa87a3302ba12d188ef723a",
      "rev_count": 555097,
      "rev_date": "2023-12-01T13:12:07Z",
      "scrape_date": "2024-08-15T23:08:02Z",
      "stabilities": [
        "staging",
        "unstable"
      ],
      "unfree": false,
      "version": "18.18.2",
      "outputs_to_install": [
        "out"
      ],
      "outputs": {
        "libv8": "/nix/store/d0iajflf9crbz43fd07q9vszyzr979qq-nodejs-18.18.2-libv8",
        "out": "/nix/store/4bgg8j8275adawqbc5rkm4fv48dgg2i3-nodejs-18.18.2"
      },
      "system": "x86_64-linux",
      "group": "toplevel",
      "priority": 5
    }
  ]
}